# This file is automatically @generated by Cargo.
# It is not intended for manual editing.
version = 3

[[package]]
name = "beacon-cli"
version = "0.1.0"
dependencies = [
 "beacon-core",
]

[[package]]
name = "beacon-core"
version = "0.1.0"

[[package]]
name = "beacon-events"
version = "0.1.0"
dependencies = [
 "beacon-core",
]

[[package]]
name = "beacon-mock"
version = "0.1.0"
dependencies = [
 "beacon-core",
 "beacon-events",
]
